<?xml version="1.0" encoding="utf-8"?>
<Project ToolsVersion="4.0" xmlns="http://schemas.microsoft.com/developer/msbuild/2003">
  <ItemGroup>
    <ClCompile Include="Player.cpp">
      <Filter>Source Files</Filter>
    </ClCompile>
    <ClCompile Include="winmain.cpp">
      <Filter>Source Files</Filter>
    </ClCompile>
    <ClCompile Include="TopoBuilder.cpp">
      <Filter>Source Files</Filter>
    </ClCompile>
    <ClCompile Include="AsyncState.cpp">
      <Filter>Source Files</Filter>
    </ClCompile>
    <ClCompile Include="SampleRequestToken.cpp">
      <Filter>Source Files</Filter>
    </ClCompile>
    <ClCompile Include="MP3SessionTopoBuilder.cpp">
      <Filter>Source Files</Filter>
    </ClCompile>
    <ClCompile Include="MP3Session.cpp">
      <Filter>Source Files</Filter>
    </ClCompile>
  </ItemGroup>
  <ItemGroup>
    <ClInclude Include="Common.h">
      <Filter>Header files</Filter>
    </ClInclude>
    <ClInclude Include="Player.h">
      <Filter>Header files</Filter>
    </ClInclude>
    <ClInclude Include="resource.h">
      <Filter>Header files</Filter>
    </ClInclude>
    <ClInclude Include="TopoBuilder.h">
      <Filter>Header files</Filter>
    </ClInclude>
    <ClInclude Include="AsyncState.h">
      <Filter>Header files</Filter>
    </ClInclude>
    <ClInclude Include="SampleRequestToken.h">
      <Filter>Header files</Filter>
    </ClInclude>
    <ClInclude Include="MP3SessionTopoBuilder.h">
      <Filter>Header files</Filter>
    </ClInclude>
    <ClInclude Include="MP3Session.h">
      <Filter>Header files</Filter>
    </ClInclude>
  </ItemGroup>
  <ItemGroup>
    <Filter Include="Header files">
      <UniqueIdentifier>{bc18f851-4c8a-41ae-b68e-7ed1f1abea0d}</UniqueIdentifier>
      <Extensions>h;w;hpp;hxx;hm;inl;inc</Extensions>
    </Filter>
    <Filter Include="Source Files">
      <UniqueIdentifier>{7847ae65-4dc0-45fb-8cc5-56b4baf4a637}</UniqueIdentifier>
      <Extensions>cpp;c;cc;cxx;def;odl;idl;hpj;bat;asm;asmx</Extensions>
    </Filter>
    <Filter Include="Resource Files">
      <UniqueIdentifier>{de9222c0-a73d-4dae-9f40-614d66d9a488}</UniqueIdentifier>
      <Extensions>rc;ico;cur;bmp;dlg;rc2;rct;bin;rgs;gif;jpg;jpeg;jpe;resx;tiff;tif;png;wav</Extensions>
    </Filter>
  </ItemGroup>
  <ItemGroup>
    <ResourceCompile Include="CustomSession.rc">
      <Filter>Resource Files</Filter>
    </ResourceCompile>
  </ItemGroup>
  <ItemGroup>
    <None Include="arrow.cur">
      <Filter>Resource Files</Filter>
    </None>
  </ItemGroup>
</Project>